
Microsoft Visual Studio Solution File, Format Version 12.00
# Visual Studio 2012
Project("{FAE04EC0-301F-11D3-BF4B-00C04F79EFBC}") = "CWCM", "CWCM\CWCM.csproj", "{5AA1C27D-A5D6-4AD6-A3DA-BC771AF5EBBA}"
EndProject
Global
	GlobalSection(SolutionConfigurationPlatforms) = preSolution
		Debug|Any CPU = Debug|Any CPU
		Release|Any CPU = Release|Any CPU
	EndGlobalSection
	GlobalSection(ProjectConfigurationPlatforms) = postSolution
		{5AA1C27D-A5D6-4AD6-A3DA-BC771AF5EBBA}.Debug|Any CPU.ActiveCfg = Debug|Any CPU
		{5AA1C27D-A5D6-4AD6-A3DA-BC771AF5EBBA}.Debug|Any CPU.Build.0 = Debug|Any CPU
		{5AA1C27D-A5D6-4AD6-A3DA-BC771AF5EBBA}.Release|Any CPU.ActiveCfg = Release|Any CPU
		{5AA1C27D-A5D6-4AD6-A3DA-BC771AF5EBBA}.Release|Any CPU.Build.0 = Release|Any CPU
	EndGlobalSection
	GlobalSection(SolutionProperties) = preSolution
		HideSolutionNode = FALSE
	EndGlobalSection
EndGlobal
